
Microsoft Visual Studio Solution File, Format Version 12.00
# Visual Studio Version 17
VisualStudioVersion = 17.14.36616.10 d17.14
MinimumVisualStudioVersion = 10.0.40219.1
Project("{FAE04EC0-301F-11D3-BF4B-00C04F79EFBC}") = "API.W.Movies", "API.W.Movies\API.W.Movies.csproj", "{E4B649F5-53BA-463D-8861-84FCC1FF272B}"
EndProject
Global
	GlobalSection(SolutionConfigurationPlatforms) = preSolution
		Debug|Any CPU = Debug|Any CPU
		Release|Any CPU = Release|Any CPU
	EndGlobalSection
	GlobalSection(ProjectConfigurationPlatforms) = postSolution
		{E4B649F5-53BA-463D-8861-84FCC1FF272B}.Debug|Any CPU.ActiveCfg = Debug|Any CPU
		{E4B649F5-53BA-463D-8861-84FCC1FF272B}.Debug|Any CPU.Build.0 = Debug|Any CPU
		{E4B649F5-53BA-463D-8861-84FCC1FF272B}.Release|Any CPU.ActiveCfg = Release|Any CPU
		{E4B649F5-53BA-463D-8861-84FCC1FF272B}.Release|Any CPU.Build.0 = Release|Any CPU
	EndGlobalSection
	GlobalSection(SolutionProperties) = preSolution
		HideSolutionNode = FALSE
	EndGlobalSection
	GlobalSection(ExtensibilityGlobals) = postSolution
		SolutionGuid = {E6E592D3-9131-42DA-8C03-3418B0DB414E}
	EndGlobalSection
EndGlobal
